
Microsoft Visual Studio Solution File, Format Version 12.00
# Visual Studio 14
VisualStudioVersion = 14.0.24720.0
MinimumVisualStudioVersion = 10.0.40219.1
Project("{F184B08F-C81C-45F6-A57F-5ABD9991F28F}") = "BxSNCO", "..\BxS\BxS\BxSNCO.vbproj", "{7B76E0EE-42E1-413D-BD3D-12FAF0B39E6C}"
EndProject
Project("{F184B08F-C81C-45F6-A57F-5ABD9991F28F}") = "xTest_BxS", "..\BxS_Test\BxS_Test\xTest_BxS.vbproj", "{3C52AD64-8D11-4795-83EC-7C0CD2BE3944}"
EndProject
Project("{F184B08F-C81C-45F6-A57F-5ABD9991F28F}") = "xSAPtorExcel", "xSAPtorExcel\xSAPtorExcel.vbproj", "{B6B547D8-B27F-4500-AC83-3093EA577530}"
EndProject
Project("{F184B08F-C81C-45F6-A57F-5ABD9991F28F}") = "xSAPtor_Config", "xSAPtorConfig\xSAPtor_Config.vbproj", "{A4225B39-A5D8-4793-B1E6-25F6F7C2DD1D}"
EndProject
Project("{F184B08F-C81C-45F6-A57F-5ABD9991F28F}") = "xSAPtorUtilities", "xSAPtorUtilities\xSAPtorUtilities.vbproj", "{E61C9C5A-368D-4A63-80BD-8B68BA79B441}"
EndProject
Project("{F184B08F-C81C-45F6-A57F-5ABD9991F28F}") = "xTest_xSAPtorUtil", "xTest_xSAPtorUtil\xTest_xSAPtorUtil.vbproj", "{229DC4B3-779C-46C2-A1E5-CEC10D3647D8}"
EndProject
Project("{F184B08F-C81C-45F6-A57F-5ABD9991F28F}") = "xTest_xSAPtorConfig", "xTest_xSAPtorConfig\xTest_xSAPtorConfig.vbproj", "{442498AE-D097-4A1C-8A24-2D8AA4726624}"
EndProject
Project("{2150E333-8FDC-42A3-9474-1A3956D46DE8}") = "Testing Units", "Testing Units", "{C7F40A93-0BC9-4AC1-A5B9-BA18EC3F0385}"
EndProject
Project("{2150E333-8FDC-42A3-9474-1A3956D46DE8}") = "Utilities", "Utilities", "{F5137743-341F-42B2-8B42-72C7F31B2877}"
EndProject
Project("{2150E333-8FDC-42A3-9474-1A3956D46DE8}") = "xSAPtor", "xSAPtor", "{FD6C8821-A0A5-46A4-A229-F8042458DA80}"
EndProject
Project("{F184B08F-C81C-45F6-A57F-5ABD9991F28F}") = "xSAPtor_Excel", "xSAPtor_Excel\xSAPtor_Excel.vbproj", "{1C536F6A-FF54-4B47-8947-CDA224552432}"
EndProject
Global
	GlobalSection(SolutionConfigurationPlatforms) = preSolution
		Debug|Any CPU = Debug|Any CPU
		Debug|ARM = Debug|ARM
		Debug|x64 = Debug|x64
		Debug|x86 = Debug|x86
		Release|Any CPU = Release|Any CPU
		Release|ARM = Release|ARM
		Release|x64 = Release|x64
		Release|x86 = Release|x86
	EndGlobalSection
	GlobalSection(ProjectConfigurationPlatforms) = postSolution
		{7B76E0EE-42E1-413D-BD3D-12FAF0B39E6C}.Debug|Any CPU.ActiveCfg = Debug|x64
		{7B76E0EE-42E1-413D-BD3D-12FAF0B39E6C}.Debug|Any CPU.Build.0 = Debug|x64
		{7B76E0EE-42E1-413D-BD3D-12FAF0B39E6C}.Debug|ARM.ActiveCfg = Debug|Any CPU
		{7B76E0EE-42E1-413D-BD3D-12FAF0B39E6C}.Debug|ARM.Build.0 = Debug|Any CPU
		{7B76E0EE-42E1-413D-BD3D-12FAF0B39E6C}.Debug|x64.ActiveCfg = Debug|x64
		{7B76E0EE-42E1-413D-BD3D-12FAF0B39E6C}.Debug|x64.Build.0 = Debug|x64
		{7B76E0EE-42E1-413D-BD3D-12FAF0B39E6C}.Debug|x86.ActiveCfg = Debug|Any CPU
		{7B76E0EE-42E1-413D-BD3D-12FAF0B39E6C}.Debug|x86.Build.0 = Debug|Any CPU
		{7B76E0EE-42E1-413D-BD3D-12FAF0B39E6C}.Release|Any CPU.ActiveCfg = Release|Any CPU
		{7B76E0EE-42E1-413D-BD3D-12FAF0B39E6C}.Release|Any CPU.Build.0 = Release|Any CPU
		{7B76E0EE-42E1-413D-BD3D-12FAF0B39E6C}.Release|ARM.ActiveCfg = Release|Any CPU
		{7B76E0EE-42E1-413D-BD3D-12FAF0B39E6C}.Release|ARM.Build.0 = Release|Any CPU
		{7B76E0EE-42E1-413D-BD3D-12FAF0B39E6C}.Release|x64.ActiveCfg = Release|x64
		{7B76E0EE-42E1-413D-BD3D-12FAF0B39E6C}.Release|x64.Build.0 = Release|x64
		{7B76E0EE-42E1-413D-BD3D-12FAF0B39E6C}.Release|x86.ActiveCfg = Release|Any CPU
		{7B76E0EE-42E1-413D-BD3D-12FAF0B39E6C}.Release|x86.Build.0 = Release|Any CPU
		{3C52AD64-8D11-4795-83EC-7C0CD2BE3944}.Debug|Any CPU.ActiveCfg = Debug|x64
		{3C52AD64-8D11-4795-83EC-7C0CD2BE3944}.Debug|Any CPU.Build.0 = Debug|x64
		{3C52AD64-8D11-4795-83EC-7C0CD2BE3944}.Debug|ARM.ActiveCfg = Debug|Any CPU
		{3C52AD64-8D11-4795-83EC-7C0CD2BE3944}.Debug|ARM.Build.0 = Debug|Any CPU
		{3C52AD64-8D11-4795-83EC-7C0CD2BE3944}.Debug|x64.ActiveCfg = Debug|x64
		{3C52AD64-8D11-4795-83EC-7C0CD2BE3944}.Debug|x64.Build.0 = Debug|x64
		{3C52AD64-8D11-4795-83EC-7C0CD2BE3944}.Debug|x86.ActiveCfg = Debug|Any CPU
		{3C52AD64-8D11-4795-83EC-7C0CD2BE3944}.Debug|x86.Build.0 = Debug|Any CPU
		{3C52AD64-8D11-4795-83EC-7C0CD2BE3944}.Release|Any CPU.ActiveCfg = Release|Any CPU
		{3C52AD64-8D11-4795-83EC-7C0CD2BE3944}.Release|Any CPU.Build.0 = Release|Any CPU
		{3C52AD64-8D11-4795-83EC-7C0CD2BE3944}.Release|ARM.ActiveCfg = Release|Any CPU
		{3C52AD64-8D11-4795-83EC-7C0CD2BE3944}.Release|ARM.Build.0 = Release|Any CPU
		{3C52AD64-8D11-4795-83EC-7C0CD2BE3944}.Release|x64.ActiveCfg = Release|Any CPU
		{3C52AD64-8D11-4795-83EC-7C0CD2BE3944}.Release|x64.Build.0 = Release|Any CPU
		{3C52AD64-8D11-4795-83EC-7C0CD2BE3944}.Release|x86.ActiveCfg = Release|Any CPU
		{3C52AD64-8D11-4795-83EC-7C0CD2BE3944}.Release|x86.Build.0 = Release|Any CPU
		{B6B547D8-B27F-4500-AC83-3093EA577530}.Debug|Any CPU.ActiveCfg = Debug|Any CPU
		{B6B547D8-B27F-4500-AC83-3093EA577530}.Debug|Any CPU.Build.0 = Debug|Any CPU
		{B6B547D8-B27F-4500-AC83-3093EA577530}.Debug|ARM.ActiveCfg = Debug|Any CPU
		{B6B547D8-B27F-4500-AC83-3093EA577530}.Debug|ARM.Build.0 = Debug|Any CPU
		{B6B547D8-B27F-4500-AC83-3093EA577530}.Debug|x64.ActiveCfg = Debug|x64
		{B6B547D8-B27F-4500-AC83-3093EA577530}.Debug|x64.Build.0 = Debug|x64
		{B6B547D8-B27F-4500-AC83-3093EA577530}.Debug|x86.ActiveCfg = Debug|Any CPU
		{B6B547D8-B27F-4500-AC83-3093EA577530}.Debug|x86.Build.0 = Debug|Any CPU
		{B6B547D8-B27F-4500-AC83-3093EA577530}.Release|Any CPU.ActiveCfg = Release|Any CPU
		{B6B547D8-B27F-4500-AC83-3093EA577530}.Release|Any CPU.Build.0 = Release|Any CPU
		{B6B547D8-B27F-4500-AC83-3093EA577530}.Release|ARM.ActiveCfg = Release|Any CPU
		{B6B547D8-B27F-4500-AC83-3093EA577530}.Release|ARM.Build.0 = Release|Any CPU
		{B6B547D8-B27F-4500-AC83-3093EA577530}.Release|x64.ActiveCfg = Release|Any CPU
		{B6B547D8-B27F-4500-AC83-3093EA577530}.Release|x64.Build.0 = Release|Any CPU
		{B6B547D8-B27F-4500-AC83-3093EA577530}.Release|x86.ActiveCfg = Release|Any CPU
		{B6B547D8-B27F-4500-AC83-3093EA577530}.Release|x86.Build.0 = Release|Any CPU
		{A4225B39-A5D8-4793-B1E6-25F6F7C2DD1D}.Debug|Any CPU.ActiveCfg = Debug|Any CPU
		{A4225B39-A5D8-4793-B1E6-25F6F7C2DD1D}.Debug|Any CPU.Build.0 = Debug|Any CPU
		{A4225B39-A5D8-4793-B1E6-25F6F7C2DD1D}.Debug|ARM.ActiveCfg = Debug|Any CPU
		{A4225B39-A5D8-4793-B1E6-25F6F7C2DD1D}.Debug|ARM.Build.0 = Debug|Any CPU
		{A4225B39-A5D8-4793-B1E6-25F6F7C2DD1D}.Debug|x64.ActiveCfg = Debug|x64
		{A4225B39-A5D8-4793-B1E6-25F6F7C2DD1D}.Debug|x64.Build.0 = Debug|x64
		{A4225B39-A5D8-4793-B1E6-25F6F7C2DD1D}.Debug|x86.ActiveCfg = Debug|Any CPU
		{A4225B39-A5D8-4793-B1E6-25F6F7C2DD1D}.Debug|x86.Build.0 = Debug|Any CPU
		{A4225B39-A5D8-4793-B1E6-25F6F7C2DD1D}.Release|Any CPU.ActiveCfg = Release|Any CPU
		{A4225B39-A5D8-4793-B1E6-25F6F7C2DD1D}.Release|Any CPU.Build.0 = Release|Any CPU
		{A4225B39-A5D8-4793-B1E6-25F6F7C2DD1D}.Release|ARM.ActiveCfg = Release|Any CPU
		{A4225B39-A5D8-4793-B1E6-25F6F7C2DD1D}.Release|ARM.Build.0 = Release|Any CPU
		{A4225B39-A5D8-4793-B1E6-25F6F7C2DD1D}.Release|x64.ActiveCfg = Release|Any CPU
		{A4225B39-A5D8-4793-B1E6-25F6F7C2DD1D}.Release|x64.Build.0 = Release|Any CPU
		{A4225B39-A5D8-4793-B1E6-25F6F7C2DD1D}.Release|x86.ActiveCfg = Release|Any CPU
		{A4225B39-A5D8-4793-B1E6-25F6F7C2DD1D}.Release|x86.Build.0 = Release|Any CPU
		{E61C9C5A-368D-4A63-80BD-8B68BA79B441}.Debug|Any CPU.ActiveCfg = Debug|Any CPU
		{E61C9C5A-368D-4A63-80BD-8B68BA79B441}.Debug|Any CPU.Build.0 = Debug|Any CPU
		{E61C9C5A-368D-4A63-80BD-8B68BA79B441}.Debug|ARM.ActiveCfg = Debug|Any CPU
		{E61C9C5A-368D-4A63-80BD-8B68BA79B441}.Debug|ARM.Build.0 = Debug|Any CPU
		{E61C9C5A-368D-4A63-80BD-8B68BA79B441}.Debug|x64.ActiveCfg = Debug|x64
		{E61C9C5A-368D-4A63-80BD-8B68BA79B441}.Debug|x64.Build.0 = Debug|x64
		{E61C9C5A-368D-4A63-80BD-8B68BA79B441}.Debug|x86.ActiveCfg = Debug|Any CPU
		{E61C9C5A-368D-4A63-80BD-8B68BA79B441}.Debug|x86.Build.0 = Debug|Any CPU
		{E61C9C5A-368D-4A63-80BD-8B68BA79B441}.Release|Any CPU.ActiveCfg = Release|Any CPU
		{E61C9C5A-368D-4A63-80BD-8B68BA79B441}.Release|Any CPU.Build.0 = Release|Any CPU
		{E61C9C5A-368D-4A63-80BD-8B68BA79B441}.Release|ARM.ActiveCfg = Release|Any CPU
		{E61C9C5A-368D-4A63-80BD-8B68BA79B441}.Release|ARM.Build.0 = Release|Any CPU
		{E61C9C5A-368D-4A63-80BD-8B68BA79B441}.Release|x64.ActiveCfg = Release|Any CPU
		{E61C9C5A-368D-4A63-80BD-8B68BA79B441}.Release|x64.Build.0 = Release|Any CPU
		{E61C9C5A-368D-4A63-80BD-8B68BA79B441}.Release|x86.ActiveCfg = Release|Any CPU
		{E61C9C5A-368D-4A63-80BD-8B68BA79B441}.Release|x86.Build.0 = Release|Any CPU
		{229DC4B3-779C-46C2-A1E5-CEC10D3647D8}.Debug|Any CPU.ActiveCfg = Debug|Any CPU
		{229DC4B3-779C-46C2-A1E5-CEC10D3647D8}.Debug|Any CPU.Build.0 = Debug|Any CPU
		{229DC4B3-779C-46C2-A1E5-CEC10D3647D8}.Debug|ARM.ActiveCfg = Debug|Any CPU
		{229DC4B3-779C-46C2-A1E5-CEC10D3647D8}.Debug|ARM.Build.0 = Debug|Any CPU
		{229DC4B3-779C-46C2-A1E5-CEC10D3647D8}.Debug|x64.ActiveCfg = Debug|x64
		{229DC4B3-779C-46C2-A1E5-CEC10D3647D8}.Debug|x64.Build.0 = Debug|x64
		{229DC4B3-779C-46C2-A1E5-CEC10D3647D8}.Debug|x86.ActiveCfg = Debug|Any CPU
		{229DC4B3-779C-46C2-A1E5-CEC10D3647D8}.Debug|x86.Build.0 = Debug|Any CPU
		{229DC4B3-779C-46C2-A1E5-CEC10D3647D8}.Release|Any CPU.ActiveCfg = Release|Any CPU
		{229DC4B3-779C-46C2-A1E5-CEC10D3647D8}.Release|Any CPU.Build.0 = Release|Any CPU
		{229DC4B3-779C-46C2-A1E5-CEC10D3647D8}.Release|ARM.ActiveCfg = Release|Any CPU
		{229DC4B3-779C-46C2-A1E5-CEC10D3647D8}.Release|ARM.Build.0 = Release|Any CPU
		{229DC4B3-779C-46C2-A1E5-CEC10D3647D8}.Release|x64.ActiveCfg = Release|Any CPU
		{229DC4B3-779C-46C2-A1E5-CEC10D3647D8}.Release|x64.Build.0 = Release|Any CPU
		{229DC4B3-779C-46C2-A1E5-CEC10D3647D8}.Release|x86.ActiveCfg = Release|Any CPU
		{229DC4B3-779C-46C2-A1E5-CEC10D3647D8}.Release|x86.Build.0 = Release|Any CPU
		{442498AE-D097-4A1C-8A24-2D8AA4726624}.Debug|Any CPU.ActiveCfg = Debug|Any CPU
		{442498AE-D097-4A1C-8A24-2D8AA4726624}.Debug|Any CPU.Build.0 = Debug|Any CPU
		{442498AE-D097-4A1C-8A24-2D8AA4726624}.Debug|ARM.ActiveCfg = Debug|Any CPU
		{442498AE-D097-4A1C-8A24-2D8AA4726624}.Debug|ARM.Build.0 = Debug|Any CPU
		{442498AE-D097-4A1C-8A24-2D8AA4726624}.Debug|x64.ActiveCfg = Debug|x64
		{442498AE-D097-4A1C-8A24-2D8AA4726624}.Debug|x64.Build.0 = Debug|x64
		{442498AE-D097-4A1C-8A24-2D8AA4726624}.Debug|x86.ActiveCfg = Debug|Any CPU
		{442498AE-D097-4A1C-8A24-2D8AA4726624}.Debug|x86.Build.0 = Debug|Any CPU
		{442498AE-D097-4A1C-8A24-2D8AA4726624}.Release|Any CPU.ActiveCfg = Release|Any CPU
		{442498AE-D097-4A1C-8A24-2D8AA4726624}.Release|Any CPU.Build.0 = Release|Any CPU
		{442498AE-D097-4A1C-8A24-2D8AA4726624}.Release|ARM.ActiveCfg = Release|Any CPU
		{442498AE-D097-4A1C-8A24-2D8AA4726624}.Release|ARM.Build.0 = Release|Any CPU
		{442498AE-D097-4A1C-8A24-2D8AA4726624}.Release|x64.ActiveCfg = Release|Any CPU
		{442498AE-D097-4A1C-8A24-2D8AA4726624}.Release|x64.Build.0 = Release|Any CPU
		{442498AE-D097-4A1C-8A24-2D8AA4726624}.Release|x86.ActiveCfg = Release|Any CPU
		{442498AE-D097-4A1C-8A24-2D8AA4726624}.Release|x86.Build.0 = Release|Any CPU
		{1C536F6A-FF54-4B47-8947-CDA224552432}.Debug|Any CPU.ActiveCfg = Debug|Any CPU
		{1C536F6A-FF54-4B47-8947-CDA224552432}.Debug|Any CPU.Build.0 = Debug|Any CPU
		{1C536F6A-FF54-4B47-8947-CDA224552432}.Debug|ARM.ActiveCfg = Debug|Any CPU
		{1C536F6A-FF54-4B47-8947-CDA224552432}.Debug|ARM.Build.0 = Debug|Any CPU
		{1C536F6A-FF54-4B47-8947-CDA224552432}.Debug|x64.ActiveCfg = Debug|Any CPU
		{1C536F6A-FF54-4B47-8947-CDA224552432}.Debug|x64.Build.0 = Debug|Any CPU
		{1C536F6A-FF54-4B47-8947-CDA224552432}.Debug|x86.ActiveCfg = Debug|Any CPU
		{1C536F6A-FF54-4B47-8947-CDA224552432}.Debug|x86.Build.0 = Debug|Any CPU
		{1C536F6A-FF54-4B47-8947-CDA224552432}.Release|Any CPU.ActiveCfg = Release|Any CPU
		{1C536F6A-FF54-4B47-8947-CDA224552432}.Release|Any CPU.Build.0 = Release|Any CPU
		{1C536F6A-FF54-4B47-8947-CDA224552432}.Release|ARM.ActiveCfg = Release|Any CPU
		{1C536F6A-FF54-4B47-8947-CDA224552432}.Release|ARM.Build.0 = Release|Any CPU
		{1C536F6A-FF54-4B47-8947-CDA224552432}.Release|x64.ActiveCfg = Release|Any CPU
		{1C536F6A-FF54-4B47-8947-CDA224552432}.Release|x64.Build.0 = Release|Any CPU
		{1C536F6A-FF54-4B47-8947-CDA224552432}.Release|x86.ActiveCfg = Release|Any CPU
		{1C536F6A-FF54-4B47-8947-CDA224552432}.Release|x86.Build.0 = Release|Any CPU
	EndGlobalSection
	GlobalSection(SolutionProperties) = preSolution
		HideSolutionNode = FALSE
	EndGlobalSection
	GlobalSection(NestedProjects) = preSolution
		{7B76E0EE-42E1-413D-BD3D-12FAF0B39E6C} = {FD6C8821-A0A5-46A4-A229-F8042458DA80}
		{3C52AD64-8D11-4795-83EC-7C0CD2BE3944} = {C7F40A93-0BC9-4AC1-A5B9-BA18EC3F0385}
		{B6B547D8-B27F-4500-AC83-3093EA577530} = {FD6C8821-A0A5-46A4-A229-F8042458DA80}
		{A4225B39-A5D8-4793-B1E6-25F6F7C2DD1D} = {FD6C8821-A0A5-46A4-A229-F8042458DA80}
		{E61C9C5A-368D-4A63-80BD-8B68BA79B441} = {F5137743-341F-42B2-8B42-72C7F31B2877}
		{229DC4B3-779C-46C2-A1E5-CEC10D3647D8} = {C7F40A93-0BC9-4AC1-A5B9-BA18EC3F0385}
		{442498AE-D097-4A1C-8A24-2D8AA4726624} = {C7F40A93-0BC9-4AC1-A5B9-BA18EC3F0385}
		{1C536F6A-FF54-4B47-8947-CDA224552432} = {FD6C8821-A0A5-46A4-A229-F8042458DA80}
	EndGlobalSection
EndGlobal
