
Microsoft Visual Studio Solution File, Format Version 12.00
# Visual Studio 14
VisualStudioVersion = 14.0.25420.1
MinimumVisualStudioVersion = 10.0.40219.1
Project("{F184B08F-C81C-45F6-A57F-5ABD9991F28F}") = "BxSNCO", "..\BxS\BxS\BxSNCO.vbproj", "{7B76E0EE-42E1-413D-BD3D-12FAF0B39E6C}"
EndProject
Project("{F184B08F-C81C-45F6-A57F-5ABD9991F28F}") = "BxS_Test", "..\BxS_Test\BxS_Test\BxS_Test.vbproj", "{3C52AD64-8D11-4795-83EC-7C0CD2BE3944}"
EndProject
Project("{F184B08F-C81C-45F6-A57F-5ABD9991F28F}") = "xSAPtorExcel", "xSAPtorExcel\xSAPtorExcel.vbproj", "{B6B547D8-B27F-4500-AC83-3093EA577530}"
EndProject
Project("{F184B08F-C81C-45F6-A57F-5ABD9991F28F}") = "xSAPtorConfig", "xSAPtorConfig\xSAPtorConfig.vbproj", "{A4225B39-A5D8-4793-B1E6-25F6F7C2DD1D}"
EndProject
Project("{F184B08F-C81C-45F6-A57F-5ABD9991F28F}") = "xSAPtorUtilities", "xSAPtorUtilities\xSAPtorUtilities.vbproj", "{E61C9C5A-368D-4A63-80BD-8B68BA79B441}"
EndProject
Global
	GlobalSection(SolutionConfigurationPlatforms) = preSolution
		Debug|Any CPU = Debug|Any CPU
		Debug|ARM = Debug|ARM
		Debug|x64 = Debug|x64
		Debug|x86 = Debug|x86
		Release|Any CPU = Release|Any CPU
		Release|ARM = Release|ARM
		Release|x64 = Release|x64
		Release|x86 = Release|x86
	EndGlobalSection
	GlobalSection(ProjectConfigurationPlatforms) = postSolution
		{7B76E0EE-42E1-413D-BD3D-12FAF0B39E6C}.Debug|Any CPU.ActiveCfg = Debug|x64
		{7B76E0EE-42E1-413D-BD3D-12FAF0B39E6C}.Debug|Any CPU.Build.0 = Debug|x64
		{7B76E0EE-42E1-413D-BD3D-12FAF0B39E6C}.Debug|ARM.ActiveCfg = Debug|Any CPU
		{7B76E0EE-42E1-413D-BD3D-12FAF0B39E6C}.Debug|ARM.Build.0 = Debug|Any CPU
		{7B76E0EE-42E1-413D-BD3D-12FAF0B39E6C}.Debug|x64.ActiveCfg = Debug|x64
		{7B76E0EE-42E1-413D-BD3D-12FAF0B39E6C}.Debug|x64.Build.0 = Debug|x64
		{7B76E0EE-42E1-413D-BD3D-12FAF0B39E6C}.Debug|x86.ActiveCfg = Debug|Any CPU
		{7B76E0EE-42E1-413D-BD3D-12FAF0B39E6C}.Debug|x86.Build.0 = Debug|Any CPU
		{7B76E0EE-42E1-413D-BD3D-12FAF0B39E6C}.Release|Any CPU.ActiveCfg = Release|Any CPU
		{7B76E0EE-42E1-413D-BD3D-12FAF0B39E6C}.Release|Any CPU.Build.0 = Release|Any CPU
		{7B76E0EE-42E1-413D-BD3D-12FAF0B39E6C}.Release|ARM.ActiveCfg = Release|Any CPU
		{7B76E0EE-42E1-413D-BD3D-12FAF0B39E6C}.Release|ARM.Build.0 = Release|Any CPU
		{7B76E0EE-42E1-413D-BD3D-12FAF0B39E6C}.Release|x64.ActiveCfg = Release|x64
		{7B76E0EE-42E1-413D-BD3D-12FAF0B39E6C}.Release|x64.Build.0 = Release|x64
		{7B76E0EE-42E1-413D-BD3D-12FAF0B39E6C}.Release|x86.ActiveCfg = Release|Any CPU
		{7B76E0EE-42E1-413D-BD3D-12FAF0B39E6C}.Release|x86.Build.0 = Release|Any CPU
		{3C52AD64-8D11-4795-83EC-7C0CD2BE3944}.Debug|Any CPU.ActiveCfg = Debug|x64
		{3C52AD64-8D11-4795-83EC-7C0CD2BE3944}.Debug|Any CPU.Build.0 = Debug|x64
		{3C52AD64-8D11-4795-83EC-7C0CD2BE3944}.Debug|ARM.ActiveCfg = Debug|Any CPU
		{3C52AD64-8D11-4795-83EC-7C0CD2BE3944}.Debug|ARM.Build.0 = Debug|Any CPU
		{3C52AD64-8D11-4795-83EC-7C0CD2BE3944}.Debug|x64.ActiveCfg = Debug|x64
		{3C52AD64-8D11-4795-83EC-7C0CD2BE3944}.Debug|x64.Build.0 = Debug|x64
		{3C52AD64-8D11-4795-83EC-7C0CD2BE3944}.Debug|x86.ActiveCfg = Debug|Any CPU
		{3C52AD64-8D11-4795-83EC-7C0CD2BE3944}.Debug|x86.Build.0 = Debug|Any CPU
		{3C52AD64-8D11-4795-83EC-7C0CD2BE3944}.Release|Any CPU.ActiveCfg = Release|Any CPU
		{3C52AD64-8D11-4795-83EC-7C0CD2BE3944}.Release|Any CPU.Build.0 = Release|Any CPU
		{3C52AD64-8D11-4795-83EC-7C0CD2BE3944}.Release|ARM.ActiveCfg = Release|Any CPU
		{3C52AD64-8D11-4795-83EC-7C0CD2BE3944}.Release|ARM.Build.0 = Release|Any CPU
		{3C52AD64-8D11-4795-83EC-7C0CD2BE3944}.Release|x64.ActiveCfg = Release|Any CPU
		{3C52AD64-8D11-4795-83EC-7C0CD2BE3944}.Release|x64.Build.0 = Release|Any CPU
		{3C52AD64-8D11-4795-83EC-7C0CD2BE3944}.Release|x86.ActiveCfg = Release|Any CPU
		{3C52AD64-8D11-4795-83EC-7C0CD2BE3944}.Release|x86.Build.0 = Release|Any CPU
		{B6B547D8-B27F-4500-AC83-3093EA577530}.Debug|Any CPU.ActiveCfg = Debug|Any CPU
		{B6B547D8-B27F-4500-AC83-3093EA577530}.Debug|Any CPU.Build.0 = Debug|Any CPU
		{B6B547D8-B27F-4500-AC83-3093EA577530}.Debug|ARM.ActiveCfg = Debug|Any CPU
		{B6B547D8-B27F-4500-AC83-3093EA577530}.Debug|ARM.Build.0 = Debug|Any CPU
		{B6B547D8-B27F-4500-AC83-3093EA577530}.Debug|x64.ActiveCfg = Debug|Any CPU
		{B6B547D8-B27F-4500-AC83-3093EA577530}.Debug|x64.Build.0 = Debug|Any CPU
		{B6B547D8-B27F-4500-AC83-3093EA577530}.Debug|x86.ActiveCfg = Debug|Any CPU
		{B6B547D8-B27F-4500-AC83-3093EA577530}.Debug|x86.Build.0 = Debug|Any CPU
		{B6B547D8-B27F-4500-AC83-3093EA577530}.Release|Any CPU.ActiveCfg = Release|Any CPU
		{B6B547D8-B27F-4500-AC83-3093EA577530}.Release|Any CPU.Build.0 = Release|Any CPU
		{B6B547D8-B27F-4500-AC83-3093EA577530}.Release|ARM.ActiveCfg = Release|Any CPU
		{B6B547D8-B27F-4500-AC83-3093EA577530}.Release|ARM.Build.0 = Release|Any CPU
		{B6B547D8-B27F-4500-AC83-3093EA577530}.Release|x64.ActiveCfg = Release|Any CPU
		{B6B547D8-B27F-4500-AC83-3093EA577530}.Release|x64.Build.0 = Release|Any CPU
		{B6B547D8-B27F-4500-AC83-3093EA577530}.Release|x86.ActiveCfg = Release|Any CPU
		{B6B547D8-B27F-4500-AC83-3093EA577530}.Release|x86.Build.0 = Release|Any CPU
		{A4225B39-A5D8-4793-B1E6-25F6F7C2DD1D}.Debug|Any CPU.ActiveCfg = Debug|Any CPU
		{A4225B39-A5D8-4793-B1E6-25F6F7C2DD1D}.Debug|Any CPU.Build.0 = Debug|Any CPU
		{A4225B39-A5D8-4793-B1E6-25F6F7C2DD1D}.Debug|ARM.ActiveCfg = Debug|Any CPU
		{A4225B39-A5D8-4793-B1E6-25F6F7C2DD1D}.Debug|ARM.Build.0 = Debug|Any CPU
		{A4225B39-A5D8-4793-B1E6-25F6F7C2DD1D}.Debug|x64.ActiveCfg = Debug|Any CPU
		{A4225B39-A5D8-4793-B1E6-25F6F7C2DD1D}.Debug|x64.Build.0 = Debug|Any CPU
		{A4225B39-A5D8-4793-B1E6-25F6F7C2DD1D}.Debug|x86.ActiveCfg = Debug|Any CPU
		{A4225B39-A5D8-4793-B1E6-25F6F7C2DD1D}.Debug|x86.Build.0 = Debug|Any CPU
		{A4225B39-A5D8-4793-B1E6-25F6F7C2DD1D}.Release|Any CPU.ActiveCfg = Release|Any CPU
		{A4225B39-A5D8-4793-B1E6-25F6F7C2DD1D}.Release|Any CPU.Build.0 = Release|Any CPU
		{A4225B39-A5D8-4793-B1E6-25F6F7C2DD1D}.Release|ARM.ActiveCfg = Release|Any CPU
		{A4225B39-A5D8-4793-B1E6-25F6F7C2DD1D}.Release|ARM.Build.0 = Release|Any CPU
		{A4225B39-A5D8-4793-B1E6-25F6F7C2DD1D}.Release|x64.ActiveCfg = Release|Any CPU
		{A4225B39-A5D8-4793-B1E6-25F6F7C2DD1D}.Release|x64.Build.0 = Release|Any CPU
		{A4225B39-A5D8-4793-B1E6-25F6F7C2DD1D}.Release|x86.ActiveCfg = Release|Any CPU
		{A4225B39-A5D8-4793-B1E6-25F6F7C2DD1D}.Release|x86.Build.0 = Release|Any CPU
		{E61C9C5A-368D-4A63-80BD-8B68BA79B441}.Debug|Any CPU.ActiveCfg = Debug|Any CPU
		{E61C9C5A-368D-4A63-80BD-8B68BA79B441}.Debug|Any CPU.Build.0 = Debug|Any CPU
		{E61C9C5A-368D-4A63-80BD-8B68BA79B441}.Debug|ARM.ActiveCfg = Debug|Any CPU
		{E61C9C5A-368D-4A63-80BD-8B68BA79B441}.Debug|ARM.Build.0 = Debug|Any CPU
		{E61C9C5A-368D-4A63-80BD-8B68BA79B441}.Debug|x64.ActiveCfg = Debug|Any CPU
		{E61C9C5A-368D-4A63-80BD-8B68BA79B441}.Debug|x64.Build.0 = Debug|Any CPU
		{E61C9C5A-368D-4A63-80BD-8B68BA79B441}.Debug|x86.ActiveCfg = Debug|Any CPU
		{E61C9C5A-368D-4A63-80BD-8B68BA79B441}.Debug|x86.Build.0 = Debug|Any CPU
		{E61C9C5A-368D-4A63-80BD-8B68BA79B441}.Release|Any CPU.ActiveCfg = Release|Any CPU
		{E61C9C5A-368D-4A63-80BD-8B68BA79B441}.Release|Any CPU.Build.0 = Release|Any CPU
		{E61C9C5A-368D-4A63-80BD-8B68BA79B441}.Release|ARM.ActiveCfg = Release|Any CPU
		{E61C9C5A-368D-4A63-80BD-8B68BA79B441}.Release|ARM.Build.0 = Release|Any CPU
		{E61C9C5A-368D-4A63-80BD-8B68BA79B441}.Release|x64.ActiveCfg = Release|Any CPU
		{E61C9C5A-368D-4A63-80BD-8B68BA79B441}.Release|x64.Build.0 = Release|Any CPU
		{E61C9C5A-368D-4A63-80BD-8B68BA79B441}.Release|x86.ActiveCfg = Release|Any CPU
		{E61C9C5A-368D-4A63-80BD-8B68BA79B441}.Release|x86.Build.0 = Release|Any CPU
	EndGlobalSection
	GlobalSection(SolutionProperties) = preSolution
		HideSolutionNode = FALSE
	EndGlobalSection
EndGlobal
